
Microsoft Visual Studio Solution File, Format Version 12.00
# Visual Studio 15
VisualStudioVersion = 15.0.26228.4
MinimumVisualStudioVersion = 10.0.40219.1
Project("{FAE04EC0-301F-11D3-BF4B-00C04F79EFBC}") = "MyFirstWindowsService", "MyFirstWindowsService\MyFirstWindowsService.csproj", "{7AE766AB-1856-486F-B1C7-EDF46083DF29}"
EndProject
Project("{2150E333-8FDC-42A3-9474-1A3956D46DE8}") = "ClientSide", "ClientSide", "{6E382149-4452-4E2C-B821-04DD2AA4E873}"
EndProject
Project("{2150E333-8FDC-42A3-9474-1A3956D46DE8}") = "ServerSide", "ServerSide", "{18E64597-9656-498C-BA5E-C5FE2AEA1A52}"
EndProject
Project("{2150E333-8FDC-42A3-9474-1A3956D46DE8}") = "Windows Service", "Windows Service", "{FAB43FC3-0241-483A-8C0F-4ACD7E57BEC2}"
EndProject
Project("{2150E333-8FDC-42A3-9474-1A3956D46DE8}") = "Common Interfaces", "Common Interfaces", "{AC2FB2AC-4109-4F73-8159-99D8DE53DE17}"
EndProject
Project("{FAE04EC0-301F-11D3-BF4B-00C04F79EFBC}") = "WCFLibraryServer-Client", "WCFLibraryServer-Client\WCFLibraryServer-Client.csproj", "{B21BD831-9201-4A71-9DEA-7E48AFE9F97A}"
EndProject
Project("{FAE04EC0-301F-11D3-BF4B-00C04F79EFBC}") = "ConsoleApp1", "ConsoleApp1\ConsoleApp1.csproj", "{94F48568-7014-402F-B5B9-3B61794A09FF}"
EndProject
Project("{FAE04EC0-301F-11D3-BF4B-00C04F79EFBC}") = "ConsoleApp2", "ConsoleApp2\ConsoleApp2.csproj", "{5937C9F3-DE51-45C7-9C28-2317CF4D44B1}"
	ProjectSection(ProjectDependencies) = postProject
		{B21BD831-9201-4A71-9DEA-7E48AFE9F97A} = {B21BD831-9201-4A71-9DEA-7E48AFE9F97A}
	EndProjectSection
EndProject
Global
	GlobalSection(SolutionConfigurationPlatforms) = preSolution
		Debug|Any CPU = Debug|Any CPU
		Release|Any CPU = Release|Any CPU
	EndGlobalSection
	GlobalSection(ProjectConfigurationPlatforms) = postSolution
		{7AE766AB-1856-486F-B1C7-EDF46083DF29}.Debug|Any CPU.ActiveCfg = Debug|Any CPU
		{7AE766AB-1856-486F-B1C7-EDF46083DF29}.Debug|Any CPU.Build.0 = Debug|Any CPU
		{7AE766AB-1856-486F-B1C7-EDF46083DF29}.Release|Any CPU.ActiveCfg = Release|Any CPU
		{7AE766AB-1856-486F-B1C7-EDF46083DF29}.Release|Any CPU.Build.0 = Release|Any CPU
		{B21BD831-9201-4A71-9DEA-7E48AFE9F97A}.Debug|Any CPU.ActiveCfg = Debug|Any CPU
		{B21BD831-9201-4A71-9DEA-7E48AFE9F97A}.Debug|Any CPU.Build.0 = Debug|Any CPU
		{B21BD831-9201-4A71-9DEA-7E48AFE9F97A}.Release|Any CPU.ActiveCfg = Release|Any CPU
		{B21BD831-9201-4A71-9DEA-7E48AFE9F97A}.Release|Any CPU.Build.0 = Release|Any CPU
		{94F48568-7014-402F-B5B9-3B61794A09FF}.Debug|Any CPU.ActiveCfg = Debug|Any CPU
		{94F48568-7014-402F-B5B9-3B61794A09FF}.Debug|Any CPU.Build.0 = Debug|Any CPU
		{94F48568-7014-402F-B5B9-3B61794A09FF}.Release|Any CPU.ActiveCfg = Release|Any CPU
		{94F48568-7014-402F-B5B9-3B61794A09FF}.Release|Any CPU.Build.0 = Release|Any CPU
		{5937C9F3-DE51-45C7-9C28-2317CF4D44B1}.Debug|Any CPU.ActiveCfg = Debug|Any CPU
		{5937C9F3-DE51-45C7-9C28-2317CF4D44B1}.Debug|Any CPU.Build.0 = Debug|Any CPU
		{5937C9F3-DE51-45C7-9C28-2317CF4D44B1}.Release|Any CPU.ActiveCfg = Release|Any CPU
		{5937C9F3-DE51-45C7-9C28-2317CF4D44B1}.Release|Any CPU.Build.0 = Release|Any CPU
	EndGlobalSection
	GlobalSection(SolutionProperties) = preSolution
		HideSolutionNode = FALSE
	EndGlobalSection
	GlobalSection(NestedProjects) = preSolution
		{7AE766AB-1856-486F-B1C7-EDF46083DF29} = {FAB43FC3-0241-483A-8C0F-4ACD7E57BEC2}
		{B21BD831-9201-4A71-9DEA-7E48AFE9F97A} = {AC2FB2AC-4109-4F73-8159-99D8DE53DE17}
		{94F48568-7014-402F-B5B9-3B61794A09FF} = {18E64597-9656-498C-BA5E-C5FE2AEA1A52}
		{5937C9F3-DE51-45C7-9C28-2317CF4D44B1} = {6E382149-4452-4E2C-B821-04DD2AA4E873}
	EndGlobalSection
EndGlobal
